
Microsoft Visual Studio Solution File, Format Version 12.00
# Visual Studio Version 17
VisualStudioVersion = 17.0.31903.59
MinimumVisualStudioVersion = 10.0.40219.1
Project("{FAE04EC0-301F-11D3-BF4B-00C04F79EFBC}") = "MilkApp", "MilkApp\MilkApp.csproj", "{BBD90328-3C70-4159-904C-5F5313438696}"
EndProject
Project("{FAE04EC0-301F-11D3-BF4B-00C04F79EFBC}") = "MilkApp.Tests", "MilkApp.Tests\MilkApp.Tests.csproj", "{A0DA238E-7AAB-45AC-A131-56CDED3D7407}"
EndProject
Global
	GlobalSection(SolutionConfigurationPlatforms) = preSolution
		Debug|Any CPU = Debug|Any CPU
		Release|Any CPU = Release|Any CPU
	EndGlobalSection
	GlobalSection(SolutionProperties) = preSolution
		HideSolutionNode = FALSE
	EndGlobalSection
	GlobalSection(ProjectConfigurationPlatforms) = postSolution
		{BBD90328-3C70-4159-904C-5F5313438696}.Debug|Any CPU.ActiveCfg = Debug|Any CPU
		{BBD90328-3C70-4159-904C-5F5313438696}.Debug|Any CPU.Build.0 = Debug|Any CPU
		{BBD90328-3C70-4159-904C-5F5313438696}.Release|Any CPU.ActiveCfg = Release|Any CPU
		{BBD90328-3C70-4159-904C-5F5313438696}.Release|Any CPU.Build.0 = Release|Any CPU
		{A0DA238E-7AAB-45AC-A131-56CDED3D7407}.Debug|Any CPU.ActiveCfg = Debug|Any CPU
		{A0DA238E-7AAB-45AC-A131-56CDED3D7407}.Debug|Any CPU.Build.0 = Debug|Any CPU
		{A0DA238E-7AAB-45AC-A131-56CDED3D7407}.Release|Any CPU.ActiveCfg = Release|Any CPU
		{A0DA238E-7AAB-45AC-A131-56CDED3D7407}.Release|Any CPU.Build.0 = Release|Any CPU
	EndGlobalSection
EndGlobal
